PODS:
  - SnapKit (5.0.1)
  - TesseractOCRiOS (5.0.1)

DEPENDENCIES:
  - SnapKit
  - TesseractOCRiOS

SPEC REPOS:
  trunk:
    - SnapKit
    - TesseractOCRiOS

SPEC CHECKSUMS:
  SnapKit: 97b92857e3df3a0c71833cce143274bf6ef8e5eb
  TesseractOCRiOS: 2c189465f86abb030d0c5141c90da9705b647854

PODFILE CHECKSUM: bc8fd542e79d5ddb1e5da08bcabd2046226daabf

COCOAPODS: 1.11.2
